
Microsoft Visual Studio Solution File, Format Version 12.00
# Visual Studio 2012
Project("{8BC9CEB8-8B4A-11D0-8D11-00A0C91BC942}") = "SocketLibrary", "SocketLibrary\SocketLibrary.vcxproj", "{D63515AC-27C7-46D7-B386-67B5F83B080B}"
EndProject
Project("{2150E333-8FDC-42A3-9474-1A3956D46DE8}") = "Solution Items", "Solution Items", "{8BCC140C-A48D-4B08-9B9C-38379419079B}"
	ProjectSection(SolutionItems) = preProject
		Include\Socket.hpp = Include\Socket.hpp
		Include\SocketLibrary.hpp = Include\SocketLibrary.hpp
		Include\TCP.hpp = Include\TCP.hpp
		Include\TCPpimpl.hpp = Include\TCPpimpl.hpp
		..\UDP.hpp = ..\UDP.hpp
		Include\UDPpimpl.hpp = Include\UDPpimpl.hpp
	EndProjectSection
EndProject
Project("{2150E333-8FDC-42A3-9474-1A3956D46DE8}") = "TestProjects", "TestProjects", "{469459C4-82F9-4ED5-BA5D-9A78CE241CC4}"
EndProject
Project("{2150E333-8FDC-42A3-9474-1A3956D46DE8}") = "UDP", "UDP", "{467BD843-A7AE-405C-8FD6-F5ACF0EBC57B}"
EndProject
Project("{8BC9CEB8-8B4A-11D0-8D11-00A0C91BC942}") = "TestUDPServer", "TestUDPServer\TestUDPServer.vcxproj", "{8B0BEBF3-C3DB-4C56-AEF0-ED4F8C47BE9E}"
	ProjectSection(ProjectDependencies) = postProject
		{D63515AC-27C7-46D7-B386-67B5F83B080B} = {D63515AC-27C7-46D7-B386-67B5F83B080B}
	EndProjectSection
EndProject
Project("{8BC9CEB8-8B4A-11D0-8D11-00A0C91BC942}") = "TestUDPClient", "TestUDPClient\TestUDPClient.vcxproj", "{18888267-FE06-4743-9D39-01B0EE368A6F}"
EndProject
Project("{2150E333-8FDC-42A3-9474-1A3956D46DE8}") = "TCP", "TCP", "{4C9FDF69-58D4-4E3A-B5F5-287BC7D12571}"
EndProject
Project("{8BC9CEB8-8B4A-11D0-8D11-00A0C91BC942}") = "TestTCPClient", "TestTCPClient\TestTCPClient.vcxproj", "{929AACC8-C7C2-475F-87D9-E745C30C65B3}"
EndProject
Project("{8BC9CEB8-8B4A-11D0-8D11-00A0C91BC942}") = "TestTCPServer", "TestTCPServer\TestTCPServer.vcxproj", "{79B0809F-003E-48E9-ADD8-2B2C5DA28B62}"
EndProject
Global
	GlobalSection(SolutionConfigurationPlatforms) = preSolution
		Debug|Any CPU = Debug|Any CPU
		Debug|Mixed Platforms = Debug|Mixed Platforms
		Debug|Win32 = Debug|Win32
		Debug|x64 = Debug|x64
		DebugDLL|Any CPU = DebugDLL|Any CPU
		DebugDLL|Mixed Platforms = DebugDLL|Mixed Platforms
		DebugDLL|Win32 = DebugDLL|Win32
		DebugDLL|x64 = DebugDLL|x64
		Release|Any CPU = Release|Any CPU
		Release|Mixed Platforms = Release|Mixed Platforms
		Release|Win32 = Release|Win32
		Release|x64 = Release|x64
		ReleaseDLL|Any CPU = ReleaseDLL|Any CPU
		ReleaseDLL|Mixed Platforms = ReleaseDLL|Mixed Platforms
		ReleaseDLL|Win32 = ReleaseDLL|Win32
		ReleaseDLL|x64 = ReleaseDLL|x64
	EndGlobalSection
	GlobalSection(ProjectConfigurationPlatforms) = postSolution
		{D63515AC-27C7-46D7-B386-67B5F83B080B}.Debug|Any CPU.ActiveCfg = Debug|Win32
		{D63515AC-27C7-46D7-B386-67B5F83B080B}.Debug|Mixed Platforms.ActiveCfg = Debug|Win32
		{D63515AC-27C7-46D7-B386-67B5F83B080B}.Debug|Mixed Platforms.Build.0 = Debug|Win32
		{D63515AC-27C7-46D7-B386-67B5F83B080B}.Debug|Win32.ActiveCfg = Debug|Win32
		{D63515AC-27C7-46D7-B386-67B5F83B080B}.Debug|Win32.Build.0 = Debug|Win32
		{D63515AC-27C7-46D7-B386-67B5F83B080B}.Debug|x64.ActiveCfg = Debug|x64
		{D63515AC-27C7-46D7-B386-67B5F83B080B}.Debug|x64.Build.0 = Debug|x64
		{D63515AC-27C7-46D7-B386-67B5F83B080B}.DebugDLL|Any CPU.ActiveCfg = DebugDLL|Win32
		{D63515AC-27C7-46D7-B386-67B5F83B080B}.DebugDLL|Mixed Platforms.ActiveCfg = DebugDLL|Win32
		{D63515AC-27C7-46D7-B386-67B5F83B080B}.DebugDLL|Mixed Platforms.Build.0 = DebugDLL|Win32
		{D63515AC-27C7-46D7-B386-67B5F83B080B}.DebugDLL|Win32.ActiveCfg = DebugDLL|Win32
		{D63515AC-27C7-46D7-B386-67B5F83B080B}.DebugDLL|Win32.Build.0 = DebugDLL|Win32
		{D63515AC-27C7-46D7-B386-67B5F83B080B}.DebugDLL|x64.ActiveCfg = DebugDLL|x64
		{D63515AC-27C7-46D7-B386-67B5F83B080B}.DebugDLL|x64.Build.0 = DebugDLL|x64
		{D63515AC-27C7-46D7-B386-67B5F83B080B}.Release|Any CPU.ActiveCfg = Release|Win32
		{D63515AC-27C7-46D7-B386-67B5F83B080B}.Release|Mixed Platforms.ActiveCfg = Release|Win32
		{D63515AC-27C7-46D7-B386-67B5F83B080B}.Release|Mixed Platforms.Build.0 = Release|Win32
		{D63515AC-27C7-46D7-B386-67B5F83B080B}.Release|Win32.ActiveCfg = Release|Win32
		{D63515AC-27C7-46D7-B386-67B5F83B080B}.Release|Win32.Build.0 = Release|Win32
		{D63515AC-27C7-46D7-B386-67B5F83B080B}.Release|x64.ActiveCfg = Release|x64
		{D63515AC-27C7-46D7-B386-67B5F83B080B}.Release|x64.Build.0 = Release|x64
		{D63515AC-27C7-46D7-B386-67B5F83B080B}.ReleaseDLL|Any CPU.ActiveCfg = ReleaseDLL|Win32
		{D63515AC-27C7-46D7-B386-67B5F83B080B}.ReleaseDLL|Mixed Platforms.ActiveCfg = ReleaseDLL|Win32
		{D63515AC-27C7-46D7-B386-67B5F83B080B}.ReleaseDLL|Mixed Platforms.Build.0 = ReleaseDLL|Win32
		{D63515AC-27C7-46D7-B386-67B5F83B080B}.ReleaseDLL|Win32.ActiveCfg = ReleaseDLL|Win32
		{D63515AC-27C7-46D7-B386-67B5F83B080B}.ReleaseDLL|Win32.Build.0 = ReleaseDLL|Win32
		{D63515AC-27C7-46D7-B386-67B5F83B080B}.ReleaseDLL|x64.ActiveCfg = ReleaseDLL|x64
		{D63515AC-27C7-46D7-B386-67B5F83B080B}.ReleaseDLL|x64.Build.0 = ReleaseDLL|x64
		{8B0BEBF3-C3DB-4C56-AEF0-ED4F8C47BE9E}.Debug|Any CPU.ActiveCfg = Debug|Win32
		{8B0BEBF3-C3DB-4C56-AEF0-ED4F8C47BE9E}.Debug|Mixed Platforms.ActiveCfg = Debug|Win32
		{8B0BEBF3-C3DB-4C56-AEF0-ED4F8C47BE9E}.Debug|Mixed Platforms.Build.0 = Debug|Win32
		{8B0BEBF3-C3DB-4C56-AEF0-ED4F8C47BE9E}.Debug|Win32.ActiveCfg = Debug|Win32
		{8B0BEBF3-C3DB-4C56-AEF0-ED4F8C47BE9E}.Debug|Win32.Build.0 = Debug|Win32
		{8B0BEBF3-C3DB-4C56-AEF0-ED4F8C47BE9E}.Debug|x64.ActiveCfg = Debug|Win32
		{8B0BEBF3-C3DB-4C56-AEF0-ED4F8C47BE9E}.DebugDLL|Any CPU.ActiveCfg = Debug|Win32
		{8B0BEBF3-C3DB-4C56-AEF0-ED4F8C47BE9E}.DebugDLL|Mixed Platforms.ActiveCfg = Debug|Win32
		{8B0BEBF3-C3DB-4C56-AEF0-ED4F8C47BE9E}.DebugDLL|Mixed Platforms.Build.0 = Debug|Win32
		{8B0BEBF3-C3DB-4C56-AEF0-ED4F8C47BE9E}.DebugDLL|Win32.ActiveCfg = Debug|Win32
		{8B0BEBF3-C3DB-4C56-AEF0-ED4F8C47BE9E}.DebugDLL|Win32.Build.0 = Debug|Win32
		{8B0BEBF3-C3DB-4C56-AEF0-ED4F8C47BE9E}.DebugDLL|x64.ActiveCfg = Debug|Win32
		{8B0BEBF3-C3DB-4C56-AEF0-ED4F8C47BE9E}.Release|Any CPU.ActiveCfg = Release|Win32
		{8B0BEBF3-C3DB-4C56-AEF0-ED4F8C47BE9E}.Release|Mixed Platforms.ActiveCfg = Release|Win32
		{8B0BEBF3-C3DB-4C56-AEF0-ED4F8C47BE9E}.Release|Mixed Platforms.Build.0 = Release|Win32
		{8B0BEBF3-C3DB-4C56-AEF0-ED4F8C47BE9E}.Release|Win32.ActiveCfg = Release|Win32
		{8B0BEBF3-C3DB-4C56-AEF0-ED4F8C47BE9E}.Release|Win32.Build.0 = Release|Win32
		{8B0BEBF3-C3DB-4C56-AEF0-ED4F8C47BE9E}.Release|x64.ActiveCfg = Release|Win32
		{8B0BEBF3-C3DB-4C56-AEF0-ED4F8C47BE9E}.ReleaseDLL|Any CPU.ActiveCfg = Release|Win32
		{8B0BEBF3-C3DB-4C56-AEF0-ED4F8C47BE9E}.ReleaseDLL|Mixed Platforms.ActiveCfg = Release|Win32
		{8B0BEBF3-C3DB-4C56-AEF0-ED4F8C47BE9E}.ReleaseDLL|Mixed Platforms.Build.0 = Release|Win32
		{8B0BEBF3-C3DB-4C56-AEF0-ED4F8C47BE9E}.ReleaseDLL|Win32.ActiveCfg = Release|Win32
		{8B0BEBF3-C3DB-4C56-AEF0-ED4F8C47BE9E}.ReleaseDLL|Win32.Build.0 = Release|Win32
		{8B0BEBF3-C3DB-4C56-AEF0-ED4F8C47BE9E}.ReleaseDLL|x64.ActiveCfg = Release|Win32
		{18888267-FE06-4743-9D39-01B0EE368A6F}.Debug|Any CPU.ActiveCfg = Debug|Win32
		{18888267-FE06-4743-9D39-01B0EE368A6F}.Debug|Mixed Platforms.ActiveCfg = Debug|Win32
		{18888267-FE06-4743-9D39-01B0EE368A6F}.Debug|Mixed Platforms.Build.0 = Debug|Win32
		{18888267-FE06-4743-9D39-01B0EE368A6F}.Debug|Win32.ActiveCfg = Debug|Win32
		{18888267-FE06-4743-9D39-01B0EE368A6F}.Debug|Win32.Build.0 = Debug|Win32
		{18888267-FE06-4743-9D39-01B0EE368A6F}.Debug|x64.ActiveCfg = Debug|Win32
		{18888267-FE06-4743-9D39-01B0EE368A6F}.DebugDLL|Any CPU.ActiveCfg = Debug|Win32
		{18888267-FE06-4743-9D39-01B0EE368A6F}.DebugDLL|Mixed Platforms.ActiveCfg = Debug|Win32
		{18888267-FE06-4743-9D39-01B0EE368A6F}.DebugDLL|Mixed Platforms.Build.0 = Debug|Win32
		{18888267-FE06-4743-9D39-01B0EE368A6F}.DebugDLL|Win32.ActiveCfg = Debug|Win32
		{18888267-FE06-4743-9D39-01B0EE368A6F}.DebugDLL|Win32.Build.0 = Debug|Win32
		{18888267-FE06-4743-9D39-01B0EE368A6F}.DebugDLL|x64.ActiveCfg = Debug|Win32
		{18888267-FE06-4743-9D39-01B0EE368A6F}.Release|Any CPU.ActiveCfg = Release|Win32
		{18888267-FE06-4743-9D39-01B0EE368A6F}.Release|Mixed Platforms.ActiveCfg = Release|Win32
		{18888267-FE06-4743-9D39-01B0EE368A6F}.Release|Mixed Platforms.Build.0 = Release|Win32
		{18888267-FE06-4743-9D39-01B0EE368A6F}.Release|Win32.ActiveCfg = Release|Win32
		{18888267-FE06-4743-9D39-01B0EE368A6F}.Release|Win32.Build.0 = Release|Win32
		{18888267-FE06-4743-9D39-01B0EE368A6F}.Release|x64.ActiveCfg = Release|Win32
		{18888267-FE06-4743-9D39-01B0EE368A6F}.ReleaseDLL|Any CPU.ActiveCfg = Release|Win32
		{18888267-FE06-4743-9D39-01B0EE368A6F}.ReleaseDLL|Mixed Platforms.ActiveCfg = Release|Win32
		{18888267-FE06-4743-9D39-01B0EE368A6F}.ReleaseDLL|Mixed Platforms.Build.0 = Release|Win32
		{18888267-FE06-4743-9D39-01B0EE368A6F}.ReleaseDLL|Win32.ActiveCfg = Release|Win32
		{18888267-FE06-4743-9D39-01B0EE368A6F}.ReleaseDLL|Win32.Build.0 = Release|Win32
		{18888267-FE06-4743-9D39-01B0EE368A6F}.ReleaseDLL|x64.ActiveCfg = Release|Win32
		{929AACC8-C7C2-475F-87D9-E745C30C65B3}.Debug|Any CPU.ActiveCfg = Debug|Win32
		{929AACC8-C7C2-475F-87D9-E745C30C65B3}.Debug|Mixed Platforms.ActiveCfg = Debug|Win32
		{929AACC8-C7C2-475F-87D9-E745C30C65B3}.Debug|Mixed Platforms.Build.0 = Debug|Win32
		{929AACC8-C7C2-475F-87D9-E745C30C65B3}.Debug|Win32.ActiveCfg = Debug|Win32
		{929AACC8-C7C2-475F-87D9-E745C30C65B3}.Debug|Win32.Build.0 = Debug|Win32
		{929AACC8-C7C2-475F-87D9-E745C30C65B3}.Debug|x64.ActiveCfg = Debug|Win32
		{929AACC8-C7C2-475F-87D9-E745C30C65B3}.DebugDLL|Any CPU.ActiveCfg = Debug|Win32
		{929AACC8-C7C2-475F-87D9-E745C30C65B3}.DebugDLL|Mixed Platforms.ActiveCfg = Debug|Win32
		{929AACC8-C7C2-475F-87D9-E745C30C65B3}.DebugDLL|Mixed Platforms.Build.0 = Debug|Win32
		{929AACC8-C7C2-475F-87D9-E745C30C65B3}.DebugDLL|Win32.ActiveCfg = Debug|Win32
		{929AACC8-C7C2-475F-87D9-E745C30C65B3}.DebugDLL|Win32.Build.0 = Debug|Win32
		{929AACC8-C7C2-475F-87D9-E745C30C65B3}.DebugDLL|x64.ActiveCfg = Debug|Win32
		{929AACC8-C7C2-475F-87D9-E745C30C65B3}.Release|Any CPU.ActiveCfg = Release|Win32
		{929AACC8-C7C2-475F-87D9-E745C30C65B3}.Release|Mixed Platforms.ActiveCfg = Release|Win32
		{929AACC8-C7C2-475F-87D9-E745C30C65B3}.Release|Mixed Platforms.Build.0 = Release|Win32
		{929AACC8-C7C2-475F-87D9-E745C30C65B3}.Release|Win32.ActiveCfg = Release|Win32
		{929AACC8-C7C2-475F-87D9-E745C30C65B3}.Release|Win32.Build.0 = Release|Win32
		{929AACC8-C7C2-475F-87D9-E745C30C65B3}.Release|x64.ActiveCfg = Release|Win32
		{929AACC8-C7C2-475F-87D9-E745C30C65B3}.ReleaseDLL|Any CPU.ActiveCfg = Release|Win32
		{929AACC8-C7C2-475F-87D9-E745C30C65B3}.ReleaseDLL|Mixed Platforms.ActiveCfg = Release|Win32
		{929AACC8-C7C2-475F-87D9-E745C30C65B3}.ReleaseDLL|Mixed Platforms.Build.0 = Release|Win32
		{929AACC8-C7C2-475F-87D9-E745C30C65B3}.ReleaseDLL|Win32.ActiveCfg = Release|Win32
		{929AACC8-C7C2-475F-87D9-E745C30C65B3}.ReleaseDLL|Win32.Build.0 = Release|Win32
		{929AACC8-C7C2-475F-87D9-E745C30C65B3}.ReleaseDLL|x64.ActiveCfg = Release|Win32
		{79B0809F-003E-48E9-ADD8-2B2C5DA28B62}.Debug|Any CPU.ActiveCfg = Debug|Win32
		{79B0809F-003E-48E9-ADD8-2B2C5DA28B62}.Debug|Mixed Platforms.ActiveCfg = Debug|Win32
		{79B0809F-003E-48E9-ADD8-2B2C5DA28B62}.Debug|Mixed Platforms.Build.0 = Debug|Win32
		{79B0809F-003E-48E9-ADD8-2B2C5DA28B62}.Debug|Win32.ActiveCfg = Debug|Win32
		{79B0809F-003E-48E9-ADD8-2B2C5DA28B62}.Debug|Win32.Build.0 = Debug|Win32
		{79B0809F-003E-48E9-ADD8-2B2C5DA28B62}.Debug|x64.ActiveCfg = Debug|Win32
		{79B0809F-003E-48E9-ADD8-2B2C5DA28B62}.DebugDLL|Any CPU.ActiveCfg = Debug|Win32
		{79B0809F-003E-48E9-ADD8-2B2C5DA28B62}.DebugDLL|Mixed Platforms.ActiveCfg = Debug|Win32
		{79B0809F-003E-48E9-ADD8-2B2C5DA28B62}.DebugDLL|Mixed Platforms.Build.0 = Debug|Win32
		{79B0809F-003E-48E9-ADD8-2B2C5DA28B62}.DebugDLL|Win32.ActiveCfg = Debug|Win32
		{79B0809F-003E-48E9-ADD8-2B2C5DA28B62}.DebugDLL|Win32.Build.0 = Debug|Win32
		{79B0809F-003E-48E9-ADD8-2B2C5DA28B62}.DebugDLL|x64.ActiveCfg = Debug|Win32
		{79B0809F-003E-48E9-ADD8-2B2C5DA28B62}.Release|Any CPU.ActiveCfg = Release|Win32
		{79B0809F-003E-48E9-ADD8-2B2C5DA28B62}.Release|Mixed Platforms.ActiveCfg = Release|Win32
		{79B0809F-003E-48E9-ADD8-2B2C5DA28B62}.Release|Mixed Platforms.Build.0 = Release|Win32
		{79B0809F-003E-48E9-ADD8-2B2C5DA28B62}.Release|Win32.ActiveCfg = Release|Win32
		{79B0809F-003E-48E9-ADD8-2B2C5DA28B62}.Release|Win32.Build.0 = Release|Win32
		{79B0809F-003E-48E9-ADD8-2B2C5DA28B62}.Release|x64.ActiveCfg = Release|Win32
		{79B0809F-003E-48E9-ADD8-2B2C5DA28B62}.ReleaseDLL|Any CPU.ActiveCfg = Release|Win32
		{79B0809F-003E-48E9-ADD8-2B2C5DA28B62}.ReleaseDLL|Mixed Platforms.ActiveCfg = Release|Win32
		{79B0809F-003E-48E9-ADD8-2B2C5DA28B62}.ReleaseDLL|Mixed Platforms.Build.0 = Release|Win32
		{79B0809F-003E-48E9-ADD8-2B2C5DA28B62}.ReleaseDLL|Win32.ActiveCfg = Release|Win32
		{79B0809F-003E-48E9-ADD8-2B2C5DA28B62}.ReleaseDLL|Win32.Build.0 = Release|Win32
		{79B0809F-003E-48E9-ADD8-2B2C5DA28B62}.ReleaseDLL|x64.ActiveCfg = Release|Win32
	EndGlobalSection
	GlobalSection(SolutionProperties) = preSolution
		HideSolutionNode = FALSE
	EndGlobalSection
	GlobalSection(NestedProjects) = preSolution
		{467BD843-A7AE-405C-8FD6-F5ACF0EBC57B} = {469459C4-82F9-4ED5-BA5D-9A78CE241CC4}
		{4C9FDF69-58D4-4E3A-B5F5-287BC7D12571} = {469459C4-82F9-4ED5-BA5D-9A78CE241CC4}
		{8B0BEBF3-C3DB-4C56-AEF0-ED4F8C47BE9E} = {467BD843-A7AE-405C-8FD6-F5ACF0EBC57B}
		{18888267-FE06-4743-9D39-01B0EE368A6F} = {467BD843-A7AE-405C-8FD6-F5ACF0EBC57B}
		{929AACC8-C7C2-475F-87D9-E745C30C65B3} = {4C9FDF69-58D4-4E3A-B5F5-287BC7D12571}
		{79B0809F-003E-48E9-ADD8-2B2C5DA28B62} = {4C9FDF69-58D4-4E3A-B5F5-287BC7D12571}
	EndGlobalSection
EndGlobal
